
Microsoft Visual Studio Solution File, Format Version 12.00
# Visual Studio Version 16
VisualStudioVersion = 16.0.29806.167
MinimumVisualStudioVersion = 10.0.40219.1
Project("{FAE04EC0-301F-11D3-BF4B-00C04F79EFBC}") = "PictureGallery", "PictureGallery\PictureGallery.csproj", "{66148864-BB3B-4CD5-BCEB-E97935EF067E}"
EndProject
Global
	GlobalSection(SolutionConfigurationPlatforms) = preSolution
		Debug|Any CPU = Debug|Any CPU
		Release|Any CPU = Release|Any CPU
	EndGlobalSection
	GlobalSection(ProjectConfigurationPlatforms) = postSolution
		{66148864-BB3B-4CD5-BCEB-E97935EF067E}.Debug|Any CPU.ActiveCfg = Debug|Any CPU
		{66148864-BB3B-4CD5-BCEB-E97935EF067E}.Debug|Any CPU.Build.0 = Debug|Any CPU
		{66148864-BB3B-4CD5-BCEB-E97935EF067E}.Release|Any CPU.ActiveCfg = Release|Any CPU
		{66148864-BB3B-4CD5-BCEB-E97935EF067E}.Release|Any CPU.Build.0 = Release|Any CPU
	EndGlobalSection
	GlobalSection(SolutionProperties) = preSolution
		HideSolutionNode = FALSE
	EndGlobalSection
	GlobalSection(ExtensibilityGlobals) = postSolution
		SolutionGuid = {683C468D-5AF7-49E1-8D28-90F1101EFD10}
	EndGlobalSection
EndGlobal
